
Microsoft Visual Studio Solution File, Format Version 12.00
# Visual Studio Version 16
VisualStudioVersion = 16.0.30611.23
MinimumVisualStudioVersion = 10.0.40219.1
Project("{FAE04EC0-301F-11D3-BF4B-00C04F79EFBC}") = "MVC_HW_01", "MVC_HW_01\MVC_HW_01.csproj", "{4F4AF875-08E9-4679-A5FF-AB07A6D26C52}"
EndProject
Global
	GlobalSection(SolutionConfigurationPlatforms) = preSolution
		Debug|Any CPU = Debug|Any CPU
		Release|Any CPU = Release|Any CPU
	EndGlobalSection
	GlobalSection(ProjectConfigurationPlatforms) = postSolution
		{4F4AF875-08E9-4679-A5FF-AB07A6D26C52}.Debug|Any CPU.ActiveCfg = Debug|Any CPU
		{4F4AF875-08E9-4679-A5FF-AB07A6D26C52}.Debug|Any CPU.Build.0 = Debug|Any CPU
		{4F4AF875-08E9-4679-A5FF-AB07A6D26C52}.Release|Any CPU.ActiveCfg = Release|Any CPU
		{4F4AF875-08E9-4679-A5FF-AB07A6D26C52}.Release|Any CPU.Build.0 = Release|Any CPU
	EndGlobalSection
	GlobalSection(SolutionProperties) = preSolution
		HideSolutionNode = FALSE
	EndGlobalSection
	GlobalSection(ExtensibilityGlobals) = postSolution
		SolutionGuid = {D128205E-6C6C-4EFF-B511-79F3838F35B5}
	EndGlobalSection
EndGlobal
